
Microsoft Visual Studio Solution File, Format Version 12.00
# Visual Studio Version 17
VisualStudioVersion = 17.5.002.0
MinimumVisualStudioVersion = 10.0.40219.1
Project("{9A19103F-16F7-4668-BE54-9A1E7A4F7556}") = "new practice", "new practice.csproj", "{F37D67BB-DE20-48BC-9270-611E3F18C857}"
EndProject
Global
	GlobalSection(SolutionConfigurationPlatforms) = preSolution
		Debug|Any CPU = Debug|Any CPU
		Release|Any CPU = Release|Any CPU
	EndGlobalSection
	GlobalSection(ProjectConfigurationPlatforms) = postSolution
		{F37D67BB-DE20-48BC-9270-611E3F18C857}.Debug|Any CPU.ActiveCfg = Debug|Any CPU
		{F37D67BB-DE20-48BC-9270-611E3F18C857}.Debug|Any CPU.Build.0 = Debug|Any CPU
		{F37D67BB-DE20-48BC-9270-611E3F18C857}.Release|Any CPU.ActiveCfg = Release|Any CPU
		{F37D67BB-DE20-48BC-9270-611E3F18C857}.Release|Any CPU.Build.0 = Release|Any CPU
	EndGlobalSection
	GlobalSection(SolutionProperties) = preSolution
		HideSolutionNode = FALSE
	EndGlobalSection
	GlobalSection(ExtensibilityGlobals) = postSolution
		SolutionGuid = {9F8B09EF-8779-425A-BDF1-6D34D746697D}
	EndGlobalSection
EndGlobal
